
Microsoft Visual Studio Solution File, Format Version 12.00
# Visual Studio Version 17
VisualStudioVersion = 17.4.33213.308
MinimumVisualStudioVersion = 10.0.40219.1
Project("{9A19103F-16F7-4668-BE54-9A1E7A4F7556}") = "Potato.WindowsForms", "Potato.WindowsForms\Potato.WindowsForms.csproj", "{D05F0FB9-87A4-4ED0-AEE7-22595502843F}"
EndProject
Project("{9A19103F-16F7-4668-BE54-9A1E7A4F7556}") = "Potato.Infrastructure", "Potato.Infrastructure\Potato.Infrastructure.csproj", "{92386932-7DB0-43DB-B108-B3BD540D24EF}"
EndProject
Project("{9A19103F-16F7-4668-BE54-9A1E7A4F7556}") = "Potato.Domain", "Potato.Domain\Potato.Domain.csproj", "{210A47EB-2B70-4B37-B60B-6391C12904A8}"
EndProject
Project("{54435603-DBB4-11D2-8724-00A0C9A8B90C}") = "PotatoMotorsSetup", "PotatoMotorsSetup\PotatoMotorsSetup.vdproj", "{53B3CA64-7CD0-45FF-955A-5DD757E1F13A}"
EndProject
Global
	GlobalSection(SolutionConfigurationPlatforms) = preSolution
		Debug|Any CPU = Debug|Any CPU
		Release|Any CPU = Release|Any CPU
	EndGlobalSection
	GlobalSection(ProjectConfigurationPlatforms) = postSolution
		{D05F0FB9-87A4-4ED0-AEE7-22595502843F}.Debug|Any CPU.ActiveCfg = Debug|Any CPU
		{D05F0FB9-87A4-4ED0-AEE7-22595502843F}.Debug|Any CPU.Build.0 = Debug|Any CPU
		{D05F0FB9-87A4-4ED0-AEE7-22595502843F}.Release|Any CPU.ActiveCfg = Release|Any CPU
		{D05F0FB9-87A4-4ED0-AEE7-22595502843F}.Release|Any CPU.Build.0 = Release|Any CPU
		{92386932-7DB0-43DB-B108-B3BD540D24EF}.Debug|Any CPU.ActiveCfg = Debug|Any CPU
		{92386932-7DB0-43DB-B108-B3BD540D24EF}.Debug|Any CPU.Build.0 = Debug|Any CPU
		{92386932-7DB0-43DB-B108-B3BD540D24EF}.Release|Any CPU.ActiveCfg = Release|Any CPU
		{92386932-7DB0-43DB-B108-B3BD540D24EF}.Release|Any CPU.Build.0 = Release|Any CPU
		{210A47EB-2B70-4B37-B60B-6391C12904A8}.Debug|Any CPU.ActiveCfg = Debug|Any CPU
		{210A47EB-2B70-4B37-B60B-6391C12904A8}.Debug|Any CPU.Build.0 = Debug|Any CPU
		{210A47EB-2B70-4B37-B60B-6391C12904A8}.Release|Any CPU.ActiveCfg = Release|Any CPU
		{210A47EB-2B70-4B37-B60B-6391C12904A8}.Release|Any CPU.Build.0 = Release|Any CPU
		{53B3CA64-7CD0-45FF-955A-5DD757E1F13A}.Debug|Any CPU.ActiveCfg = Debug
		{53B3CA64-7CD0-45FF-955A-5DD757E1F13A}.Release|Any CPU.ActiveCfg = Release
	EndGlobalSection
	GlobalSection(SolutionProperties) = preSolution
		HideSolutionNode = FALSE
	EndGlobalSection
	GlobalSection(ExtensibilityGlobals) = postSolution
		SolutionGuid = {8188D52B-2E37-4B02-8B18-12DA8B9DA39F}
	EndGlobalSection
EndGlobal
